<?xml version="1.0" encoding="utf-8"?>
<Project ToolsVersion="4.0" xmlns="http://schemas.microsoft.com/developer/msbuild/2003">
  <ItemGroup>
    <ClCompile Include="..\Classes\AppDelegate.cpp" />
    <ClCompile Include="Animal.cpp" />
    <ClCompile Include="calendar.cpp" />
    <ClCompile Include="Chicken.cpp" />
    <ClCompile Include="Coop.cpp" />
    <ClCompile Include="Cow.cpp" />
    <ClCompile Include="Crop.cpp" />
    <ClCompile Include="main.cpp" />
    <ClCompile Include="RepairBuilding.cpp" />
    <ClCompile Include="Sheep.cpp" />
    <ClCompile Include="tilledLand.cpp" />
    <ClCompile Include="Tree.cpp" />
    <ClCompile Include="Clock.cpp">
      <Filter>UI</Filter>
    </ClCompile>
    <ClCompile Include="ItemStorage.cpp">
      <Filter>UI</Filter>
    </ClCompile>
    <ClCompile Include="MenuLayer.cpp">
      <Filter>UI</Filter>
    </ClCompile>
    <ClCompile Include="TaskBar.cpp">
      <Filter>Task</Filter>
    </ClCompile>
    <ClCompile Include="NPCinfo.cpp">
      <Filter>People</Filter>
    </ClCompile>
    <ClCompile Include="player.cpp">
      <Filter>People</Filter>
    </ClCompile>
    <ClCompile Include="playerManager.cpp">
      <Filter>People</Filter>
    </ClCompile>
    <ClCompile Include="FarmhouseScene.cpp">
      <Filter>Scene</Filter>
    </ClCompile>
    <ClCompile Include="FarmScene.cpp">
      <Filter>Scene</Filter>
    </ClCompile>
    <ClCompile Include="FarmSceneFunctions.cpp">
      <Filter>Scene</Filter>
    </ClCompile>
    <ClCompile Include="InitialScene.cpp">
      <Filter>Scene</Filter>
    </ClCompile>
    <ClCompile Include="WateredLand.cpp">
      <Filter>Scene</Filter>
    </ClCompile>
    <ClCompile Include="Resident.cpp">
      <Filter>People</Filter>
    </ClCompile>
    <ClCompile Include="Toolbar.cpp">
      <Filter>UI</Filter>
    </ClCompile>
    <ClCompile Include="Tools.cpp">
      <Filter>Tool</Filter>
    </ClCompile>
    <ClCompile Include="StartupScene.cpp">
      <Filter>Scene</Filter>
    </ClCompile>
    <ClCompile Include="Mine.cpp">
      <Filter>Scene</Filter>
    </ClCompile>
  </ItemGroup>
  <ItemGroup>
    <ClInclude Include="..\Classes\AppDelegate.h" />
    <ClInclude Include="Animal.h" />
    <ClInclude Include="calendar.h" />
    <ClInclude Include="Coop.h" />
    <ClInclude Include="Chicken.h" />
    <ClInclude Include="Cow.h" />
    <ClInclude Include="Crop.h" />
    <ClInclude Include="InteractiveElement.h" />
    <ClInclude Include="main.h" />
    <ClInclude Include="RepairBuilding.h" />
    <ClInclude Include="Sheep.h" />
    <ClInclude Include="tilledLand.h" />
    <ClInclude Include="Tree.h" />
    <ClInclude Include="Clock.h">
      <Filter>UI</Filter>
    </ClInclude>
    <ClInclude Include="ItemIDs.h">
      <Filter>UI</Filter>
    </ClInclude>
    <ClInclude Include="ItemStorage.h">
      <Filter>UI</Filter>
    </ClInclude>
    <ClInclude Include="MenuLayer.h">
      <Filter>UI</Filter>
    </ClInclude>
    <ClInclude Include="TaskBar.h">
      <Filter>Task</Filter>
    </ClInclude>
    <ClInclude Include="NPCinfo.h">
      <Filter>People</Filter>
    </ClInclude>
    <ClInclude Include="player.h">
      <Filter>People</Filter>
    </ClInclude>
    <ClInclude Include="playerManager.h">
      <Filter>People</Filter>
    </ClInclude>
    <ClInclude Include="FarmhouseScene.h">
      <Filter>Scene</Filter>
    </ClInclude>
    <ClInclude Include="FarmScene.h">
      <Filter>Scene</Filter>
    </ClInclude>
    <ClInclude Include="InitialScene.h">
      <Filter>Scene</Filter>
    </ClInclude>
    <ClInclude Include="WateredLand.h">
      <Filter>Scene</Filter>
    </ClInclude>
    <ClInclude Include="Resident.h">
      <Filter>People</Filter>
    </ClInclude>
    <ClInclude Include="Toolbar.h">
      <Filter>UI</Filter>
    </ClInclude>
    <ClInclude Include="Tools.h">
      <Filter>Tool</Filter>
    </ClInclude>
    <ClInclude Include="StartupScene.h">
      <Filter>Scene</Filter>
    </ClInclude>
    <ClInclude Include="Mine.h">
      <Filter>Scene</Filter>
    </ClInclude>
  </ItemGroup>
  <ItemGroup>
    <ResourceCompile Include="game.rc" />
  </ItemGroup>
  <ItemGroup>
    <Image Include="..\Resources\photo\InternalHouse\boiled_egg.jpg" />
    <Image Include="..\Resources\photo\Map\FarmInit.png" />
    <Image Include="..\Resources\photo\Map\mine.png" />
    <Image Include="..\Resources\photo\Map\spring_outdoorsTileSheet.es-ES.png" />
    <Image Include="..\Resources\photo\Map\summer_outdoorsTileSheet.es-ES.png" />
  </ItemGroup>
  <ItemGroup>
    <None Include="..\Resources\photo\Map\64x64soilpiece.tsx" />
    <None Include="..\Resources\photo\Map\architecture.tsx" />
    <None Include="..\Resources\photo\Map\exploremap2560x2560.tmx" />
    <None Include="..\Resources\photo\Map\farmraw.tsx" />
    <None Include="..\Resources\photo\Map\mine.tsx" />
    <None Include="..\Resources\photo\Map\mineraw.tsx" />
    <None Include="..\Resources\photo\Map\summeraw.tsx" />
  </ItemGroup>
  <ItemGroup>
    <Filter Include="UI">
      <UniqueIdentifier>{2527da57-f0b9-43b1-963b-e3b37d0340ca}</UniqueIdentifier>
    </Filter>
    <Filter Include="Task">
      <UniqueIdentifier>{28f27677-3b63-4c3d-a602-a40991b2d65e}</UniqueIdentifier>
    </Filter>
    <Filter Include="People">
      <UniqueIdentifier>{60bf0d20-c54b-4808-b842-c66fb489f757}</UniqueIdentifier>
    </Filter>
    <Filter Include="Scene">
      <UniqueIdentifier>{fa7d3c47-8c13-4c81-8dac-76d82d109442}</UniqueIdentifier>
    </Filter>
    <Filter Include="Tool">
      <UniqueIdentifier>{ecd99b26-43d7-4258-88ca-cee0c7dcfcf2}</UniqueIdentifier>
    </Filter>
  </ItemGroup>
</Project>