<?xml version="1.0" encoding="utf-8"?>
<Project ToolsVersion="4.0" xmlns="http://schemas.microsoft.com/developer/msbuild/2003">
  <ItemGroup>
    <Filter Include="win32">
      <UniqueIdentifier>{84a8ebd7-7cf0-47f6-b75e-d441df67da40}</UniqueIdentifier>
    </Filter>
    <Filter Include="resource">
      <UniqueIdentifier>{715254bc-d70b-4ec5-bf29-467dd3ace079}</UniqueIdentifier>
    </Filter>
    <Filter Include="src">
      <UniqueIdentifier>{bb6c862e-70e9-49d9-81b7-3829a6f50471}</UniqueIdentifier>
    </Filter>
    <Filter Include="src\Scene">
      <UniqueIdentifier>{14a59f2f-a5e9-4cf7-a499-2dbad6b71f26}</UniqueIdentifier>
    </Filter>
    <Filter Include="src\Farm">
      <UniqueIdentifier>{348cc910-1aef-4619-9f9e-245242cc44c8}</UniqueIdentifier>
    </Filter>
    <Filter Include="src\Character">
      <UniqueIdentifier>{b1355052-98d4-48fa-abf3-539f0da25522}</UniqueIdentifier>
    </Filter>
  </ItemGroup>
  <ItemGroup>
    <ClCompile Include="main.cpp">
      <Filter>win32</Filter>
    </ClCompile>
    <ClCompile Include="..\Classes\AppDelegate.cpp">
      <Filter>src</Filter>
    </ClCompile>
    <ClCompile Include="StartupScene.cpp">
      <Filter>src\Scene</Filter>
    </ClCompile>
    <ClCompile Include="InitialScene.cpp">
      <Filter>src\Scene</Filter>
    </ClCompile>
    <ClCompile Include="FarmScene.cpp">
      <Filter>src\Scene</Filter>
    </ClCompile>
    <ClCompile Include="Weed.cpp">
      <Filter>src\Farm</Filter>
    </ClCompile>
    <ClCompile Include="player.cpp">
      <Filter>src\Character</Filter>
    </ClCompile>
  </ItemGroup>
  <ItemGroup>
    <ClInclude Include="main.h">
      <Filter>win32</Filter>
    </ClInclude>
    <ClInclude Include="..\Classes\AppDelegate.h">
      <Filter>src</Filter>
    </ClInclude>
    <ClInclude Include="StartupScene.h">
      <Filter>src\Scene</Filter>
    </ClInclude>
    <ClInclude Include="InitialScene.h">
      <Filter>src\Scene</Filter>
    </ClInclude>
    <ClInclude Include="FarmScene.h">
      <Filter>src\Scene</Filter>
    </ClInclude>
    <ClInclude Include="Weed.h">
      <Filter>src\Farm</Filter>
    </ClInclude>
    <ClInclude Include="Tool.h">
      <Filter>src\Farm</Filter>
    </ClInclude>
    <ClInclude Include="player.h">
      <Filter>src\Character</Filter>
    </ClInclude>
  </ItemGroup>
  <ItemGroup>
    <ResourceCompile Include="game.rc">
      <Filter>resource</Filter>
    </ResourceCompile>
  </ItemGroup>
</Project>